
Microsoft Visual Studio Solution File, Format Version 12.00
# Visual Studio 15
VisualStudioVersion = 15.0.27130.2026
MinimumVisualStudioVersion = 10.0.40219.1
Project("{9A19103F-16F7-4668-BE54-9A1E7A4F7556}") = "Lowpay.Framework.Business", "Framework\Business\Lowpay.Framework.Business.csproj", "{6AFEEF93-F19D-4F29-AAB0-CD8AD554ED86}"
EndProject
Project("{9A19103F-16F7-4668-BE54-9A1E7A4F7556}") = "Lowpay.Framework.Common", "Framework\Common\Lowpay.Framework.Common.csproj", "{B9D0F279-FBED-4147-B6DD-5F5F575DB9B0}"
EndProject
Project("{9A19103F-16F7-4668-BE54-9A1E7A4F7556}") = "Lowpay.Framework.Data", "Framework\Data\Lowpay.Framework.Data.csproj", "{49A46C36-08A8-47D7-8DC6-C2AC55B44457}"
EndProject
Project("{FAE04EC0-301F-11D3-BF4B-00C04F79EFBC}") = "Lowpay.TestHarness.Win", "Apps\TestHarness\Win\Lowpay.TestHarness.Win.csproj", "{10C5F6A6-669D-4A99-A588-33EBC5E53B9D}"
EndProject
Global
	GlobalSection(SolutionConfigurationPlatforms) = preSolution
		Debug|Any CPU = Debug|Any CPU
		Release|Any CPU = Release|Any CPU
	EndGlobalSection
	GlobalSection(ProjectConfigurationPlatforms) = postSolution
		{6AFEEF93-F19D-4F29-AAB0-CD8AD554ED86}.Debug|Any CPU.ActiveCfg = Debug|Any CPU
		{6AFEEF93-F19D-4F29-AAB0-CD8AD554ED86}.Debug|Any CPU.Build.0 = Debug|Any CPU
		{6AFEEF93-F19D-4F29-AAB0-CD8AD554ED86}.Release|Any CPU.ActiveCfg = Release|Any CPU
		{6AFEEF93-F19D-4F29-AAB0-CD8AD554ED86}.Release|Any CPU.Build.0 = Release|Any CPU
		{B9D0F279-FBED-4147-B6DD-5F5F575DB9B0}.Debug|Any CPU.ActiveCfg = Debug|Any CPU
		{B9D0F279-FBED-4147-B6DD-5F5F575DB9B0}.Debug|Any CPU.Build.0 = Debug|Any CPU
		{B9D0F279-FBED-4147-B6DD-5F5F575DB9B0}.Release|Any CPU.ActiveCfg = Release|Any CPU
		{B9D0F279-FBED-4147-B6DD-5F5F575DB9B0}.Release|Any CPU.Build.0 = Release|Any CPU
		{49A46C36-08A8-47D7-8DC6-C2AC55B44457}.Debug|Any CPU.ActiveCfg = Debug|Any CPU
		{49A46C36-08A8-47D7-8DC6-C2AC55B44457}.Debug|Any CPU.Build.0 = Debug|Any CPU
		{49A46C36-08A8-47D7-8DC6-C2AC55B44457}.Release|Any CPU.ActiveCfg = Release|Any CPU
		{49A46C36-08A8-47D7-8DC6-C2AC55B44457}.Release|Any CPU.Build.0 = Release|Any CPU
		{10C5F6A6-669D-4A99-A588-33EBC5E53B9D}.Debug|Any CPU.ActiveCfg = Debug|Any CPU
		{10C5F6A6-669D-4A99-A588-33EBC5E53B9D}.Debug|Any CPU.Build.0 = Debug|Any CPU
		{10C5F6A6-669D-4A99-A588-33EBC5E53B9D}.Release|Any CPU.ActiveCfg = Release|Any CPU
		{10C5F6A6-669D-4A99-A588-33EBC5E53B9D}.Release|Any CPU.Build.0 = Release|Any CPU
	EndGlobalSection
	GlobalSection(SolutionProperties) = preSolution
		HideSolutionNode = FALSE
	EndGlobalSection
	GlobalSection(ExtensibilityGlobals) = postSolution
		SolutionGuid = {8A1A0B10-D344-4EC4-A8B8-9F4B64C06DCF}
	EndGlobalSection
EndGlobal
