
Microsoft Visual Studio Solution File, Format Version 12.00
# Visual Studio 15
VisualStudioVersion = 15.0.27130.2026
MinimumVisualStudioVersion = 10.0.40219.1
Project("{9A19103F-16F7-4668-BE54-9A1E7A4F7556}") = "IRL.Lowpay.Framework.Common", "IRL.Lowpay.Framework.Common\IRL.Lowpay.Framework.Common.csproj", "{63A9F5E0-E525-4F72-ACF5-DD607089B0BC}"
EndProject
Project("{9A19103F-16F7-4668-BE54-9A1E7A4F7556}") = "IRL.Lowpay.Framework.Business", "IRL.Lowpay.Framework.Business\IRL.Lowpay.Framework.Business.csproj", "{050C82CE-36FD-4C72-9386-30748EF31C12}"
EndProject
Global
	GlobalSection(SolutionConfigurationPlatforms) = preSolution
		Debug|Any CPU = Debug|Any CPU
		Release|Any CPU = Release|Any CPU
	EndGlobalSection
	GlobalSection(ProjectConfigurationPlatforms) = postSolution
		{63A9F5E0-E525-4F72-ACF5-DD607089B0BC}.Debug|Any CPU.ActiveCfg = Debug|Any CPU
		{63A9F5E0-E525-4F72-ACF5-DD607089B0BC}.Debug|Any CPU.Build.0 = Debug|Any CPU
		{63A9F5E0-E525-4F72-ACF5-DD607089B0BC}.Release|Any CPU.ActiveCfg = Release|Any CPU
		{63A9F5E0-E525-4F72-ACF5-DD607089B0BC}.Release|Any CPU.Build.0 = Release|Any CPU
		{050C82CE-36FD-4C72-9386-30748EF31C12}.Debug|Any CPU.ActiveCfg = Debug|Any CPU
		{050C82CE-36FD-4C72-9386-30748EF31C12}.Debug|Any CPU.Build.0 = Debug|Any CPU
		{050C82CE-36FD-4C72-9386-30748EF31C12}.Release|Any CPU.ActiveCfg = Release|Any CPU
		{050C82CE-36FD-4C72-9386-30748EF31C12}.Release|Any CPU.Build.0 = Release|Any CPU
	EndGlobalSection
	GlobalSection(SolutionProperties) = preSolution
		HideSolutionNode = FALSE
	EndGlobalSection
	GlobalSection(ExtensibilityGlobals) = postSolution
		SolutionGuid = {8B33EE08-065E-4DB9-86CF-F6A8A228C0E0}
	EndGlobalSection
EndGlobal
